<?xml version="1.0" encoding="utf-8"?>
<Project ToolsVersion="4.0" xmlns="http://schemas.microsoft.com/developer/msbuild/2003">
  <ItemGroup>
    <Filter Include="소스 파일">
      <UniqueIdentifier>{4FC737F1-C7A5-4376-A066-2A32D752A2FF}</UniqueIdentifier>
      <Extensions>cpp;c;cc;cxx;c++;cppm;ixx;def;odl;idl;hpj;bat;asm;asmx</Extensions>
    </Filter>
    <Filter Include="헤더 파일">
      <UniqueIdentifier>{93995380-89BD-4b04-88EB-625FBE52EBFB}</UniqueIdentifier>
      <Extensions>h;hh;hpp;hxx;h++;hm;inl;inc;ipp;xsd</Extensions>
    </Filter>
    <Filter Include="리소스 파일">
      <UniqueIdentifier>{67DA6AB6-F800-4c08-8B7A-83BB121AAD01}</UniqueIdentifier>
      <Extensions>rc;ico;cur;bmp;dlg;rc2;rct;bin;rgs;gif;jpg;jpeg;jpe;resx;tiff;tif;png;wav;mfcribbon-ms</Extensions>
    </Filter>
    <Filter Include="소스 파일\jy">
      <UniqueIdentifier>{fe6fde36-10f8-4a83-a418-f5f31416ed8e}</UniqueIdentifier>
    </Filter>
    <Filter Include="소스 파일\logIn">
      <UniqueIdentifier>{03678bcf-790c-4007-acfa-546d2ae32b36}</UniqueIdentifier>
    </Filter>
    <Filter Include="소스 파일\ranking">
      <UniqueIdentifier>{7a6453bc-e092-40c0-8fb3-82092f9bc796}</UniqueIdentifier>
    </Filter>
  </ItemGroup>
  <ItemGroup>
    <ClCompile Include="..\typingGame_origin\typing_game.cpp">
      <Filter>소스 파일\jy</Filter>
    </ClCompile>
    <ClCompile Include="LoginUI.cpp">
      <Filter>소스 파일\logIn</Filter>
    </ClCompile>
    <ClCompile Include="main.cpp">
      <Filter>소스 파일</Filter>
    </ClCompile>
    <ClCompile Include="userManager.cpp">
      <Filter>소스 파일</Filter>
    </ClCompile>
    <ClCompile Include="rankingUI.cpp">
      <Filter>소스 파일\ranking</Filter>
    </ClCompile>
    <ClCompile Include="gameStart.cpp">
      <Filter>소스 파일</Filter>
    </ClCompile>
    <ClCompile Include="SignUpUI.cpp">
      <Filter>소스 파일\logIn</Filter>
    </ClCompile>
    <ClCompile Include="ppt.cpp">
      <Filter>소스 파일</Filter>
    </ClCompile>
  </ItemGroup>
  <ItemGroup>
    <ClInclude Include="LoginUI.h">
      <Filter>헤더 파일</Filter>
    </ClInclude>
    <ClInclude Include="userManager.h">
      <Filter>헤더 파일</Filter>
    </ClInclude>
    <ClInclude Include="rankingUI.h">
      <Filter>헤더 파일</Filter>
    </ClInclude>
  </ItemGroup>
</Project>